
Microsoft Visual Studio Solution File, Format Version 12.00
# Visual Studio 15
VisualStudioVersion = 15.0.27004.2008
MinimumVisualStudioVersion = 10.0.40219.1
Project("{FAE04EC0-301F-11D3-BF4B-00C04F79EFBC}") = "ConsoleApp1", "ConsoleApp1\ConsoleApp1.csproj", "{9B563C28-E830-4155-9726-948105991875}"
EndProject
Project("{FAE04EC0-301F-11D3-BF4B-00C04F79EFBC}") = "ObPerson", "ConsoleApp2\ObPerson.csproj", "{F258D52D-F7A4-49B9-8CC8-B799033F4B2C}"
EndProject
Project("{FAE04EC0-301F-11D3-BF4B-00C04F79EFBC}") = "Car", "Car\Car.csproj", "{7B4454C4-ECBC-4EE2-A10D-3A9683321153}"
EndProject
Global
	GlobalSection(SolutionConfigurationPlatforms) = preSolution
		Debug|Any CPU = Debug|Any CPU
		Release|Any CPU = Release|Any CPU
	EndGlobalSection
	GlobalSection(ProjectConfigurationPlatforms) = postSolution
		{9B563C28-E830-4155-9726-948105991875}.Debug|Any CPU.ActiveCfg = Debug|Any CPU
		{9B563C28-E830-4155-9726-948105991875}.Debug|Any CPU.Build.0 = Debug|Any CPU
		{9B563C28-E830-4155-9726-948105991875}.Release|Any CPU.ActiveCfg = Release|Any CPU
		{9B563C28-E830-4155-9726-948105991875}.Release|Any CPU.Build.0 = Release|Any CPU
		{F258D52D-F7A4-49B9-8CC8-B799033F4B2C}.Debug|Any CPU.ActiveCfg = Debug|Any CPU
		{F258D52D-F7A4-49B9-8CC8-B799033F4B2C}.Debug|Any CPU.Build.0 = Debug|Any CPU
		{F258D52D-F7A4-49B9-8CC8-B799033F4B2C}.Release|Any CPU.ActiveCfg = Release|Any CPU
		{F258D52D-F7A4-49B9-8CC8-B799033F4B2C}.Release|Any CPU.Build.0 = Release|Any CPU
		{7B4454C4-ECBC-4EE2-A10D-3A9683321153}.Debug|Any CPU.ActiveCfg = Debug|Any CPU
		{7B4454C4-ECBC-4EE2-A10D-3A9683321153}.Debug|Any CPU.Build.0 = Debug|Any CPU
		{7B4454C4-ECBC-4EE2-A10D-3A9683321153}.Release|Any CPU.ActiveCfg = Release|Any CPU
		{7B4454C4-ECBC-4EE2-A10D-3A9683321153}.Release|Any CPU.Build.0 = Release|Any CPU
	EndGlobalSection
	GlobalSection(SolutionProperties) = preSolution
		HideSolutionNode = FALSE
	EndGlobalSection
	GlobalSection(ExtensibilityGlobals) = postSolution
		SolutionGuid = {7251CA14-77C8-419D-99FF-5A213CF84C4A}
	EndGlobalSection
EndGlobal
